<?xml version="1.0" encoding="utf-8"?>
<Project ToolsVersion="4.0" xmlns="http://schemas.microsoft.com/developer/msbuild/2003">
  <ItemGroup>
    <Filter Include="Minecraft">
      <UniqueIdentifier>{FEA1E9E8-6A0C-9E5F-B34A-4F051FF47BB4}</UniqueIdentifier>
    </Filter>
    <Filter Include="Minecraft\Core">
      <UniqueIdentifier>{16B50DC5-0283-01CB-EB16-72F1D783DD2F}</UniqueIdentifier>
    </Filter>
    <Filter Include="Minecraft\Debug">
      <UniqueIdentifier>{F4B2D066-603E-3E2B-694F-C11FD5599A2B}</UniqueIdentifier>
    </Filter>
    <Filter Include="Minecraft\Events">
      <UniqueIdentifier>{22647144-0E5D-9096-378F-751B23E76FA2}</UniqueIdentifier>
    </Filter>
    <Filter Include="Minecraft\ImGui">
      <UniqueIdentifier>{A81D2F67-14A9-9C2B-1DBA-1F2089C4F82B}</UniqueIdentifier>
    </Filter>
    <Filter Include="Minecraft\Renderer">
      <UniqueIdentifier>{6403561D-50E7-1673-B947-11C6A54A01F5}</UniqueIdentifier>
    </Filter>
    <Filter Include="Minecraft\Renderer\3D">
      <UniqueIdentifier>{AAC77227-1634-2E22-DF27-C67F4B53508A}</UniqueIdentifier>
    </Filter>
    <Filter Include="Platform">
      <UniqueIdentifier>{2AC788B4-1694-E3BF-3FAD-D1672BD9184E}</UniqueIdentifier>
    </Filter>
    <Filter Include="Platform\OpenGL">
      <UniqueIdentifier>{1E7D2C1D-8A08-9AE1-9319-1DD6FF23F6E1}</UniqueIdentifier>
    </Filter>
    <Filter Include="Platform\Windows">
      <UniqueIdentifier>{64FBD71A-50F4-F66C-7926-DCF1657ED678}</UniqueIdentifier>
    </Filter>
  </ItemGroup>
  <ItemGroup>
    <ClInclude Include="..\Minecraft\src\Minecraft.h" />
    <ClInclude Include="..\Minecraft\src\Minecraft\Core\Application.h">
      <Filter>Minecraft\Core</Filter>
    </ClInclude>
    <ClInclude Include="..\Minecraft\src\Minecraft\Core\Core.h">
      <Filter>Minecraft\Core</Filter>
    </ClInclude>
    <ClInclude Include="..\Minecraft\src\Minecraft\Core\EntryPoint.h">
      <Filter>Minecraft\Core</Filter>
    </ClInclude>
    <ClInclude Include="..\Minecraft\src\Minecraft\Core\Input.h">
      <Filter>Minecraft\Core</Filter>
    </ClInclude>
    <ClInclude Include="..\Minecraft\src\Minecraft\Core\KeyCodes.h">
      <Filter>Minecraft\Core</Filter>
    </ClInclude>
    <ClInclude Include="..\Minecraft\src\Minecraft\Core\Layer.h">
      <Filter>Minecraft\Core</Filter>
    </ClInclude>
    <ClInclude Include="..\Minecraft\src\Minecraft\Core\LayerStack.h">
      <Filter>Minecraft\Core</Filter>
    </ClInclude>
    <ClInclude Include="..\Minecraft\src\Minecraft\Core\Log.h">
      <Filter>Minecraft\Core</Filter>
    </ClInclude>
    <ClInclude Include="..\Minecraft\src\Minecraft\Core\MouseButtonCodes.h">
      <Filter>Minecraft\Core</Filter>
    </ClInclude>
    <ClInclude Include="..\Minecraft\src\Minecraft\Core\Timestep.h">
      <Filter>Minecraft\Core</Filter>
    </ClInclude>
    <ClInclude Include="..\Minecraft\src\Minecraft\Core\Window.h">
      <Filter>Minecraft\Core</Filter>
    </ClInclude>
    <ClInclude Include="..\Minecraft\src\Minecraft\Debug\Instrumetor.h">
      <Filter>Minecraft\Debug</Filter>
    </ClInclude>
    <ClInclude Include="..\Minecraft\src\Minecraft\Events\ApplicationEvent.h">
      <Filter>Minecraft\Events</Filter>
    </ClInclude>
    <ClInclude Include="..\Minecraft\src\Minecraft\Events\Event.h">
      <Filter>Minecraft\Events</Filter>
    </ClInclude>
    <ClInclude Include="..\Minecraft\src\Minecraft\Events\KeyEvent.h">
      <Filter>Minecraft\Events</Filter>
    </ClInclude>
    <ClInclude Include="..\Minecraft\src\Minecraft\Events\MouseEvent.h">
      <Filter>Minecraft\Events</Filter>
    </ClInclude>
    <ClInclude Include="..\Minecraft\src\Minecraft\ImGui\ImGuiLayer.h">
      <Filter>Minecraft\ImGui</Filter>
    </ClInclude>
    <ClInclude Include="..\Minecraft\src\Minecraft\Renderer\3D\Camera.h">
      <Filter>Minecraft\Renderer\3D</Filter>
    </ClInclude>
    <ClInclude Include="..\Minecraft\src\Minecraft\Renderer\3D\CameraController.h">
      <Filter>Minecraft\Renderer\3D</Filter>
    </ClInclude>
    <ClInclude Include="..\Minecraft\src\Minecraft\Renderer\Buffer.h">
      <Filter>Minecraft\Renderer</Filter>
    </ClInclude>
    <ClInclude Include="..\Minecraft\src\Minecraft\Renderer\Framebuffer.h">
      <Filter>Minecraft\Renderer</Filter>
    </ClInclude>
    <ClInclude Include="..\Minecraft\src\Minecraft\Renderer\GraphicsContext.h">
      <Filter>Minecraft\Renderer</Filter>
    </ClInclude>
    <ClInclude Include="..\Minecraft\src\Minecraft\Renderer\OrthographicCamera.h">
      <Filter>Minecraft\Renderer</Filter>
    </ClInclude>
    <ClInclude Include="..\Minecraft\src\Minecraft\Renderer\OrthographicCameraController.h">
      <Filter>Minecraft\Renderer</Filter>
    </ClInclude>
    <ClInclude Include="..\Minecraft\src\Minecraft\Renderer\RenderCommand.h">
      <Filter>Minecraft\Renderer</Filter>
    </ClInclude>
    <ClInclude Include="..\Minecraft\src\Minecraft\Renderer\Renderer.h">
      <Filter>Minecraft\Renderer</Filter>
    </ClInclude>
    <ClInclude Include="..\Minecraft\src\Minecraft\Renderer\Renderer2D.h">
      <Filter>Minecraft\Renderer</Filter>
    </ClInclude>
    <ClInclude Include="..\Minecraft\src\Minecraft\Renderer\RendererAPI.h">
      <Filter>Minecraft\Renderer</Filter>
    </ClInclude>
    <ClInclude Include="..\Minecraft\src\Minecraft\Renderer\Shader.h">
      <Filter>Minecraft\Renderer</Filter>
    </ClInclude>
    <ClInclude Include="..\Minecraft\src\Minecraft\Renderer\SubTexture2D.h">
      <Filter>Minecraft\Renderer</Filter>
    </ClInclude>
    <ClInclude Include="..\Minecraft\src\Minecraft\Renderer\Texture.h">
      <Filter>Minecraft\Renderer</Filter>
    </ClInclude>
    <ClInclude Include="..\Minecraft\src\Minecraft\Renderer\VertexArray.h">
      <Filter>Minecraft\Renderer</Filter>
    </ClInclude>
    <ClInclude Include="..\Minecraft\src\Platform\OpenGL\OpenGLBuffer.h">
      <Filter>Platform\OpenGL</Filter>
    </ClInclude>
    <ClInclude Include="..\Minecraft\src\Platform\OpenGL\OpenGLContext.h">
      <Filter>Platform\OpenGL</Filter>
    </ClInclude>
    <ClInclude Include="..\Minecraft\src\Platform\OpenGL\OpenGLFramebuffer.h">
      <Filter>Platform\OpenGL</Filter>
    </ClInclude>
    <ClInclude Include="..\Minecraft\src\Platform\OpenGL\OpenGLRendererAPI.h">
      <Filter>Platform\OpenGL</Filter>
    </ClInclude>
    <ClInclude Include="..\Minecraft\src\Platform\OpenGL\OpenGLShader.h">
      <Filter>Platform\OpenGL</Filter>
    </ClInclude>
    <ClInclude Include="..\Minecraft\src\Platform\OpenGL\OpenGLTexture.h">
      <Filter>Platform\OpenGL</Filter>
    </ClInclude>
    <ClInclude Include="..\Minecraft\src\Platform\OpenGL\OpenGLVertexArray.h">
      <Filter>Platform\OpenGL</Filter>
    </ClInclude>
    <ClInclude Include="..\Minecraft\src\Platform\Windows\WindowsInput.h">
      <Filter>Platform\Windows</Filter>
    </ClInclude>
    <ClInclude Include="..\Minecraft\src\Platform\Windows\WindowsWindow.h">
      <Filter>Platform\Windows</Filter>
    </ClInclude>
    <ClInclude Include="..\Minecraft\src\mcpch.h" />
    <ClInclude Include="src\Sandbox2D.h" />
    <ClInclude Include="src\Sandbox3D.h" />
  </ItemGroup>
  <ItemGroup>
    <ClCompile Include="..\Minecraft\src\Minecraft\Core\Application.cpp">
      <Filter>Minecraft\Core</Filter>
    </ClCompile>
    <ClCompile Include="..\Minecraft\src\Minecraft\Core\Layer.cpp">
      <Filter>Minecraft\Core</Filter>
    </ClCompile>
    <ClCompile Include="..\Minecraft\src\Minecraft\Core\LayerStack.cpp">
      <Filter>Minecraft\Core</Filter>
    </ClCompile>
    <ClCompile Include="..\Minecraft\src\Minecraft\Core\Log.cpp">
      <Filter>Minecraft\Core</Filter>
    </ClCompile>
    <ClCompile Include="..\Minecraft\src\Minecraft\ImGui\ImGuiBuild.cpp">
      <Filter>Minecraft\ImGui</Filter>
    </ClCompile>
    <ClCompile Include="..\Minecraft\src\Minecraft\ImGui\ImGuiLayer.cpp">
      <Filter>Minecraft\ImGui</Filter>
    </ClCompile>
    <ClCompile Include="..\Minecraft\src\Minecraft\Renderer\3D\Camera.cpp">
      <Filter>Minecraft\Renderer\3D</Filter>
    </ClCompile>
    <ClCompile Include="..\Minecraft\src\Minecraft\Renderer\3D\CameraController.cpp">
      <Filter>Minecraft\Renderer\3D</Filter>
    </ClCompile>
    <ClCompile Include="..\Minecraft\src\Minecraft\Renderer\3D\Mesh.cpp">
      <Filter>Minecraft\Renderer\3D</Filter>
    </ClCompile>
    <ClCompile Include="..\Minecraft\src\Minecraft\Renderer\3D\RendererAPI3D.cpp">
      <Filter>Minecraft\Renderer\3D</Filter>
    </ClCompile>
    <ClCompile Include="..\Minecraft\src\Minecraft\Renderer\Buffer.cpp">
      <Filter>Minecraft\Renderer</Filter>
    </ClCompile>
    <ClCompile Include="..\Minecraft\src\Minecraft\Renderer\Framebuffer.cpp">
      <Filter>Minecraft\Renderer</Filter>
    </ClCompile>
    <ClCompile Include="..\Minecraft\src\Minecraft\Renderer\GraphicsContext.cpp">
      <Filter>Minecraft\Renderer</Filter>
    </ClCompile>
    <ClCompile Include="..\Minecraft\src\Minecraft\Renderer\OrthographicCamera.cpp">
      <Filter>Minecraft\Renderer</Filter>
    </ClCompile>
    <ClCompile Include="..\Minecraft\src\Minecraft\Renderer\OrthographicCameraController.cpp">
      <Filter>Minecraft\Renderer</Filter>
    </ClCompile>
    <ClCompile Include="..\Minecraft\src\Minecraft\Renderer\RenderCommand.cpp">
      <Filter>Minecraft\Renderer</Filter>
    </ClCompile>
    <ClCompile Include="..\Minecraft\src\Minecraft\Renderer\Renderer.cpp">
      <Filter>Minecraft\Renderer</Filter>
    </ClCompile>
    <ClCompile Include="..\Minecraft\src\Minecraft\Renderer\Renderer2D.cpp">
      <Filter>Minecraft\Renderer</Filter>
    </ClCompile>
    <ClCompile Include="..\Minecraft\src\Minecraft\Renderer\RendererAPI.cpp">
      <Filter>Minecraft\Renderer</Filter>
    </ClCompile>
    <ClCompile Include="..\Minecraft\src\Minecraft\Renderer\Shader.cpp">
      <Filter>Minecraft\Renderer</Filter>
    </ClCompile>
    <ClCompile Include="..\Minecraft\src\Minecraft\Renderer\SubTexture2D.cpp">
      <Filter>Minecraft\Renderer</Filter>
    </ClCompile>
    <ClCompile Include="..\Minecraft\src\Minecraft\Renderer\Texture.cpp">
      <Filter>Minecraft\Renderer</Filter>
    </ClCompile>
    <ClCompile Include="..\Minecraft\src\Minecraft\Renderer\VertexArray.cpp">
      <Filter>Minecraft\Renderer</Filter>
    </ClCompile>
    <ClCompile Include="..\Minecraft\src\Platform\OpenGL\OpenGLBuffer.cpp">
      <Filter>Platform\OpenGL</Filter>
    </ClCompile>
    <ClCompile Include="..\Minecraft\src\Platform\OpenGL\OpenGLContext.cpp">
      <Filter>Platform\OpenGL</Filter>
    </ClCompile>
    <ClCompile Include="..\Minecraft\src\Platform\OpenGL\OpenGLFramebuffer.cpp">
      <Filter>Platform\OpenGL</Filter>
    </ClCompile>
    <ClCompile Include="..\Minecraft\src\Platform\OpenGL\OpenGLRendererAPI.cpp">
      <Filter>Platform\OpenGL</Filter>
    </ClCompile>
    <ClCompile Include="..\Minecraft\src\Platform\OpenGL\OpenGLShader.cpp">
      <Filter>Platform\OpenGL</Filter>
    </ClCompile>
    <ClCompile Include="..\Minecraft\src\Platform\OpenGL\OpenGLTexture.cpp">
      <Filter>Platform\OpenGL</Filter>
    </ClCompile>
    <ClCompile Include="..\Minecraft\src\Platform\OpenGL\OpenGLVertexArray.cpp">
      <Filter>Platform\OpenGL</Filter>
    </ClCompile>
    <ClCompile Include="..\Minecraft\src\Platform\Windows\WindowsInput.cpp">
      <Filter>Platform\Windows</Filter>
    </ClCompile>
    <ClCompile Include="..\Minecraft\src\Platform\Windows\WindowsWindow.cpp">
      <Filter>Platform\Windows</Filter>
    </ClCompile>
    <ClCompile Include="..\Minecraft\src\mcpch.cpp" />
    <ClCompile Include="src\Sandbox2D.cpp" />
    <ClCompile Include="src\Sandbox3D.cpp" />
    <ClCompile Include="src\SandboxApp.cpp" />
  </ItemGroup>
</Project>