<?xml version="1.0" encoding="utf-8"?>
<Project ToolsVersion="4.0" xmlns="http://schemas.microsoft.com/developer/msbuild/2003">
  <ItemGroup>
    <Filter Include="Minecraft">
      <UniqueIdentifier>{FEA1E9E8-6A0C-9E5F-B34A-4F051FF47BB4}</UniqueIdentifier>
    </Filter>
    <Filter Include="Minecraft\Core">
      <UniqueIdentifier>{16B50DC5-0283-01CB-EB16-72F1D783DD2F}</UniqueIdentifier>
    </Filter>
    <Filter Include="Minecraft\Debug">
      <UniqueIdentifier>{F4B2D066-603E-3E2B-694F-C11FD5599A2B}</UniqueIdentifier>
    </Filter>
    <Filter Include="Minecraft\Events">
      <UniqueIdentifier>{22647144-0E5D-9096-378F-751B23E76FA2}</UniqueIdentifier>
    </Filter>
    <Filter Include="Minecraft\ImGui">
      <UniqueIdentifier>{A81D2F67-14A9-9C2B-1DBA-1F2089C4F82B}</UniqueIdentifier>
    </Filter>
    <Filter Include="Minecraft\Renderer">
      <UniqueIdentifier>{6403561D-50E7-1673-B947-11C6A54A01F5}</UniqueIdentifier>
    </Filter>
    <Filter Include="Minecraft\Renderer\3D">
      <UniqueIdentifier>{AAC77227-1634-2E22-DF27-C67F4B53508A}</UniqueIdentifier>
    </Filter>
    <Filter Include="Platform">
      <UniqueIdentifier>{2AC788B4-1694-E3BF-3FAD-D1672BD9184E}</UniqueIdentifier>
    </Filter>
    <Filter Include="Platform\OpenGL">
      <UniqueIdentifier>{1E7D2C1D-8A08-9AE1-9319-1DD6FF23F6E1}</UniqueIdentifier>
    </Filter>
    <Filter Include="Platform\Windows">
      <UniqueIdentifier>{64FBD71A-50F4-F66C-7926-DCF1657ED678}</UniqueIdentifier>
    </Filter>
  </ItemGroup>
  <ItemGroup>
    <ClInclude Include="src\Sandbox2D.h" />
    <ClInclude Include="src\Sandbox3D.h" />
  </ItemGroup>
  <ItemGroup>
    <ClCompile Include="src\Sandbox2D.cpp" />
    <ClCompile Include="src\Sandbox3D.cpp" />
    <ClCompile Include="src\SandboxApp.cpp" />
  </ItemGroup>
</Project>